
Microsoft Visual Studio Solution File, Format Version 12.00
# Visual Studio Version 16
VisualStudioVersion = 16.0.29306.81
MinimumVisualStudioVersion = 10.0.40219.1
Project("{9A19103F-16F7-4668-BE54-9A1E7A4F7556}") = "SilaAPI", "SilaAPI\SilaAPI.csproj", "{7DAF4CB1-DA15-48AE-B0D7-1258D5E7F99C}"
EndProject
Project("{FAE04EC0-301F-11D3-BF4B-00C04F79EFBC}") = "SilaApiTest", "SilaApiTest\SilaApiTest.csproj", "{67077CFE-80A5-4CF3-9183-6A57428439B5}"
EndProject
Global
	GlobalSection(SolutionConfigurationPlatforms) = preSolution
		Debug|Any CPU = Debug|Any CPU
		Release|Any CPU = Release|Any CPU
	EndGlobalSection
	GlobalSection(ProjectConfigurationPlatforms) = postSolution
		{7DAF4CB1-DA15-48AE-B0D7-1258D5E7F99C}.Debug|Any CPU.ActiveCfg = Debug|Any CPU
		{7DAF4CB1-DA15-48AE-B0D7-1258D5E7F99C}.Debug|Any CPU.Build.0 = Debug|Any CPU
		{7DAF4CB1-DA15-48AE-B0D7-1258D5E7F99C}.Release|Any CPU.ActiveCfg = Release|Any CPU
		{7DAF4CB1-DA15-48AE-B0D7-1258D5E7F99C}.Release|Any CPU.Build.0 = Release|Any CPU
		{67077CFE-80A5-4CF3-9183-6A57428439B5}.Debug|Any CPU.ActiveCfg = Debug|Any CPU
		{67077CFE-80A5-4CF3-9183-6A57428439B5}.Debug|Any CPU.Build.0 = Debug|Any CPU
		{67077CFE-80A5-4CF3-9183-6A57428439B5}.Release|Any CPU.ActiveCfg = Release|Any CPU
		{67077CFE-80A5-4CF3-9183-6A57428439B5}.Release|Any CPU.Build.0 = Release|Any CPU
	EndGlobalSection
	GlobalSection(SolutionProperties) = preSolution
		HideSolutionNode = FALSE
	EndGlobalSection
	GlobalSection(ExtensibilityGlobals) = postSolution
		SolutionGuid = {23B6C9EB-41ED-4234-93CE-9D1A511C1EA5}
	EndGlobalSection
EndGlobal
