
Microsoft Visual Studio Solution File, Format Version 12.00
# Visual Studio Version 17
VisualStudioVersion = 17.2.32505.173
MinimumVisualStudioVersion = 10.0.40219.1
Project("{9A19103F-16F7-4668-BE54-9A1E7A4F7556}") = "SilaAPI", "SilaAPI\SilaAPI.csproj", "{7DAF4CB1-DA15-48AE-B0D7-1258D5E7F99C}"
EndProject
Project("{9A19103F-16F7-4668-BE54-9A1E7A4F7556}") = "SilaAPITestProject", "SilaAPITestProject\SilaAPITestProject.csproj", "{020DE79B-5EDF-47CC-B2A7-AD648ED2FA28}"
EndProject
Project("{2150E333-8FDC-42A3-9474-1A3956D46DE8}") = "Solution Items", "Solution Items", "{D2BFAFFB-689A-411D-999C-E5AD52AEEE1E}"
EndProject
Global
	GlobalSection(SolutionConfigurationPlatforms) = preSolution
		Debug|Any CPU = Debug|Any CPU
		Release|Any CPU = Release|Any CPU
	EndGlobalSection
	GlobalSection(ProjectConfigurationPlatforms) = postSolution
		{7DAF4CB1-DA15-48AE-B0D7-1258D5E7F99C}.Debug|Any CPU.ActiveCfg = Debug|Any CPU
		{7DAF4CB1-DA15-48AE-B0D7-1258D5E7F99C}.Debug|Any CPU.Build.0 = Debug|Any CPU
		{7DAF4CB1-DA15-48AE-B0D7-1258D5E7F99C}.Release|Any CPU.ActiveCfg = Release|Any CPU
		{7DAF4CB1-DA15-48AE-B0D7-1258D5E7F99C}.Release|Any CPU.Build.0 = Release|Any CPU
		{020DE79B-5EDF-47CC-B2A7-AD648ED2FA28}.Debug|Any CPU.ActiveCfg = Debug|Any CPU
		{020DE79B-5EDF-47CC-B2A7-AD648ED2FA28}.Debug|Any CPU.Build.0 = Debug|Any CPU
		{020DE79B-5EDF-47CC-B2A7-AD648ED2FA28}.Release|Any CPU.ActiveCfg = Release|Any CPU
		{020DE79B-5EDF-47CC-B2A7-AD648ED2FA28}.Release|Any CPU.Build.0 = Release|Any CPU
	EndGlobalSection
	GlobalSection(SolutionProperties) = preSolution
		HideSolutionNode = FALSE
	EndGlobalSection
	GlobalSection(ExtensibilityGlobals) = postSolution
		SolutionGuid = {23B6C9EB-41ED-4234-93CE-9D1A511C1EA5}
	EndGlobalSection
EndGlobal
